
Microsoft Visual Studio Solution File, Format Version 12.00
# Visual Studio Version 16
VisualStudioVersion = 16.0.31205.134
MinimumVisualStudioVersion = 10.0.40219.1
Project("{FAE04EC0-301F-11D3-BF4B-00C04F79EFBC}") = "BrotherTeresaWebAPI", "BrotherTeresaWebAPI\BrotherTeresaWebAPI.csproj", "{09B90ABE-71A2-4380-B408-E732AC4DE9CD}"
EndProject
Global
	GlobalSection(SolutionConfigurationPlatforms) = preSolution
		Debug|Any CPU = Debug|Any CPU
		Release|Any CPU = Release|Any CPU
	EndGlobalSection
	GlobalSection(ProjectConfigurationPlatforms) = postSolution
		{09B90ABE-71A2-4380-B408-E732AC4DE9CD}.Debug|Any CPU.ActiveCfg = Debug|Any CPU
		{09B90ABE-71A2-4380-B408-E732AC4DE9CD}.Debug|Any CPU.Build.0 = Debug|Any CPU
		{09B90ABE-71A2-4380-B408-E732AC4DE9CD}.Release|Any CPU.ActiveCfg = Release|Any CPU
		{09B90ABE-71A2-4380-B408-E732AC4DE9CD}.Release|Any CPU.Build.0 = Release|Any CPU
	EndGlobalSection
	GlobalSection(SolutionProperties) = preSolution
		HideSolutionNode = FALSE
	EndGlobalSection
	GlobalSection(ExtensibilityGlobals) = postSolution
		SolutionGuid = {A642327D-6A6F-46D9-9729-402410FDF064}
	EndGlobalSection
EndGlobal
